
Microsoft Visual Studio Solution File, Format Version 12.00
# Visual Studio Version 16
VisualStudioVersion = 16.0.31229.75
MinimumVisualStudioVersion = 10.0.40219.1
Project("{FAE04EC0-301F-11D3-BF4B-00C04F79EFBC}") = "NetExamTwo", "NetExamTwo\NetExamTwo.csproj", "{27F15E6F-0397-40F2-8E00-E21EB7E59391}"
EndProject
Global
	GlobalSection(SolutionConfigurationPlatforms) = preSolution
		Debug|Any CPU = Debug|Any CPU
		Release|Any CPU = Release|Any CPU
	EndGlobalSection
	GlobalSection(ProjectConfigurationPlatforms) = postSolution
		{27F15E6F-0397-40F2-8E00-E21EB7E59391}.Debug|Any CPU.ActiveCfg = Debug|Any CPU
		{27F15E6F-0397-40F2-8E00-E21EB7E59391}.Debug|Any CPU.Build.0 = Debug|Any CPU
		{27F15E6F-0397-40F2-8E00-E21EB7E59391}.Release|Any CPU.ActiveCfg = Release|Any CPU
		{27F15E6F-0397-40F2-8E00-E21EB7E59391}.Release|Any CPU.Build.0 = Release|Any CPU
	EndGlobalSection
	GlobalSection(SolutionProperties) = preSolution
		HideSolutionNode = FALSE
	EndGlobalSection
	GlobalSection(ExtensibilityGlobals) = postSolution
		SolutionGuid = {EED648A0-EEA9-42D9-94EA-5256606DB360}
	EndGlobalSection
EndGlobal
